// !$*UTF8*$!
{
	archiveVersion = 1;
	classes = {
	};
	objectVersion = 46;
	objects = {

/* Begin PBXBuildFile section */
		D69099311DAC4C6E003F4233 /* main.swift in Sources */ = {isa = PBXBuildFile; fileRef = D69099301DAC4C6E003F4233 /* main.swift */; };
		D69099381DAC4C96003F4233 /* interactive.swift in Sources */ = {isa = PBXBuildFile; fileRef = D69099371DAC4C96003F4233 /* interactive.swift */; };
		D690993A1DAC4CA9003F4233 /* Io.swift in Sources */ = {isa = PBXBuildFile; fileRef = D69099391DAC4CA9003F4233 /* Io.swift */; };
/* End PBXBuildFile section */

/* Begin PBXCopyFilesBuildPhase section */
		D690992B1DAC4C6E003F4233 /* CopyFiles */ = {
			isa = PBXCopyFilesBuildPhase;
			buildActionMask = 2147483647;
			dstPath = /usr/share/man/man1/;
			dstSubfolderSpec = 0;
			files = (
			);
			runOnlyForDeploymentPostprocessing = 1;
		};
/* End PBXCopyFilesBuildPhase section */

/* Begin PBXFileReference section */
		D690992D1DAC4C6E003F4233 /* debLibrary */ = {isa = PBXFileReference; explicitFileType = "compiled.mach-o.executable"; includeInIndex = 0; path = debLibrary; sourceTree = BUILT_PRODUCTS_DIR; };
		D69099301DAC4C6E003F4233 /* main.swift */ = {isa = PBXFileReference; lastKnownFileType = sourcecode.swift; path = main.swift; sourceTree = "<group>"; };
		D69099371DAC4C96003F4233 /* interactive.swift */ = {isa = PBXFileReference; fileEncoding = 4; lastKnownFileType = sourcecode.swift; path = interactive.swift; sourceTree = "<group>"; };
		D69099391DAC4CA9003F4233 /* Io.swift */ = {isa = PBXFileReference; fileEncoding = 4; lastKnownFileType = sourcecode.swift; path = Io.swift; sourceTree = "<group>"; };
/* End PBXFileReference section */

/* Begin PBXFrameworksBuildPhase section */
		D690992A1DAC4C6E003F4233 /* Frameworks */ = {
			isa = PBXFrameworksBuildPhase;
			buildActionMask = 2147483647;
			files = (
			);
			runOnlyForDeploymentPostprocessing = 0;
		};
/* End PBXFrameworksBuildPhase section */

/* Begin PBXGroup section */
		D69099241DAC4C6E003F4233 = {
			isa = PBXGroup;
			children = (
				D690992F1DAC4C6E003F4233 /* debLibrary */,
				D690992E1DAC4C6E003F4233 /* Products */,
			);
			sourceTree = "<group>";
		};
		D690992E1DAC4C6E003F4233 /* Products */ = {
			isa = PBXGroup;
			children = (
				D690992D1DAC4C6E003F4233 /* debLibrary */,
			);
			name = Products;
			sourceTree = "<group>";
		};
		D690992F1DAC4C6E003F4233 /* debLibrary */ = {
			isa = PBXGroup;
			children = (
				D69099301DAC4C6E003F4233 /* main.swift */,
				D69099371DAC4C96003F4233 /* interactive.swift */,
				D69099391DAC4CA9003F4233 /* Io.swift */,
			);
			path = debLibrary;
			sourceTree = "<group>";
		};
/* End PBXGroup section */

/* Begin PBXNativeTarget section */
		D690992C1DAC4C6E003F4233 /* debLibrary */ = {
			isa = PBXNativeTarget;
			buildConfigurationList = D69099341DAC4C6E003F4233 /* Build configuration list for PBXNativeTarget "debLibrary" */;
			buildPhases = (
				D69099291DAC4C6E003F4233 /* Sources */,
				D690992A1DAC4C6E003F4233 /* Frameworks */,
				D690992B1DAC4C6E003F4233 /* CopyFiles */,
			);
			buildRules = (
			);
			dependencies = (
			);
			name = debLibrary;
			productName = debLibrary;
			productReference = D690992D1DAC4C6E003F4233 /* debLibrary */;
			productType = "com.apple.product-type.tool";
		};
/* End PBXNativeTarget section */

/* Begin PBXProject section */
		D69099251DAC4C6E003F4233 /* Project object */ = {
			isa = PBXProject;
			attributes = {
				LastSwiftUpdateCheck = 0800;
				LastUpgradeCheck = 0800;
				ORGANIZATIONNAME = "Deb Ramey";
				TargetAttributes = {
					D690992C1DAC4C6E003F4233 = {
						CreatedOnToolsVersion = 8.0;
						DevelopmentTeam = QX26TGVMF2;
						ProvisioningStyle = Automatic;
					};
				};
			};
			buildConfigurationList = D69099281DAC4C6E003F4233 /* Build configuration list for PBXProject "debLibrary" */;
			compatibilityVersion = "Xcode 3.2";
			developmentRegion = English;
			hasScannedForEncodings = 0;
			knownRegions = (
				en,
			);
			mainGroup = D69099241DAC4C6E003F4233;
			productRefGroup = D690992E1DAC4C6E003F4233 /* Products */;
			projectDirPath = "";
			projectRoot = "";
			targets = (
				D690992C1DAC4C6E003F4233 /* debLibrary */,
			);
		};
/* End PBXProject section */

/* Begin PBXSourcesBuildPhase section */
		D69099291DAC4C6E003F4233 /* Sources */ = {
			isa = PBXSourcesBuildPhase;
			buildActionMask = 2147483647;
			files = (
				D69099381DAC4C96003F4233 /* interactive.swift in Sources */,
				D69099311DAC4C6E003F4233 /* main.swift in Sources */,
				D690993A1DAC4CA9003F4233 /* Io.swift in Sources */,
			);
			runOnlyForDeploymentPostprocessing = 0;
		};
/* End PBXSourcesBuildPhase section */

/* Begin XCBuildConfiguration section */
		D69099321DAC4C6E003F4233 /* Debug */ = {
			isa = XCBuildConfiguration;
			buildSettings = {
				ALWAYS_SEARCH_USER_PATHS = NO;
				CLANG_ANALYZER_NONNULL = YES;
				CLANG_CXX_LANGUAGE_STANDARD = "gnu++0x";
				CLANG_CXX_LIBRARY = "libc++";
				CLANG_ENABLE_MODULES = YES;
				CLANG_ENABLE_OBJC_ARC = YES;
				CLANG_WARN_BOOL_CONVERSION = YES;
				CLANG_WARN_CONSTANT_CONVERSION = YES;
				CLANG_WARN_DIRECT_OBJC_ISA_USAGE = YES_ERROR;
				CLANG_WARN_DOCUMENTATION_COMMENTS = YES;
				CLANG_WARN_EMPTY_BODY = YES;
				CLANG_WARN_ENUM_CONVERSION = YES;
				CLANG_WARN_INFINITE_RECURSION = YES;
				CLANG_WARN_INT_CONVERSION = YES;
				CLANG_WARN_OBJC_ROOT_CLASS = YES_ERROR;
				CLANG_WARN_SUSPICIOUS_MOVES = YES;
				CLANG_WARN_UNREACHABLE_CODE = YES;
				CLANG_WARN__DUPLICATE_METHOD_MATCH = YES;
				CODE_SIGN_IDENTITY = "-";
				COPY_PHASE_STRIP = NO;
				DEBUG_INFORMATION_FORMAT = dwarf;
				ENABLE_STRICT_OBJC_MSGSEND = YES;
				ENABLE_TESTABILITY = YES;
				GCC_C_LANGUAGE_STANDARD = gnu99;
				GCC_DYNAMIC_NO_PIC = NO;
				GCC_NO_COMMON_BLOCKS = YES;
				GCC_OPTIMIZATION_LEVEL = 0;
				GCC_PREPROCESSOR_DEFINITIONS = (
					"DEBUG=1",
					"$(inherited)",
				);
				GCC_WARN_64_TO_32_BIT_CONVERSION = YES;
				GCC_WARN_ABOUT_RETURN_TYPE = YES_ERROR;
				GCC_WARN_UNDECLARED_SELECTOR = YES;
				GCC_WARN_UNINITIALIZED_AUTOS = YES_AGGRESSIVE;
				GCC_WARN_UNUSED_FUNCTION = YES;
				GCC_WARN_UNUSED_VARIABLE = YES;
				MACOSX_DEPLOYMENT_TARGET = 10.11;
				MTL_ENABLE_DEBUG_INFO = YES;
				ONLY_ACTIVE_ARCH = YES;
				SDKROOT = macosx;
				SWIFT_OPTIMIZATION_LEVEL = "-Onone";
			};
			name = Debug;
		};
		D69099331DAC4C6E003F4233 /* Release */ = {
			isa = XCBuildConfiguration;
			buildSettings = {
				ALWAYS_SEARCH_USER_PATHS = NO;
				CLANG_ANALYZER_NONNULL = YES;
				CLANG_CXX_LANGUAGE_STANDARD = "gnu++0x";
				CLANG_CXX_LIBRARY = "libc++";
				CLANG_ENABLE_MODULES = YES;
				CLANG_ENABLE_OBJC_ARC = YES;
				CLANG_WARN_BOOL_CONVERSION = YES;
				CLANG_WARN_CONSTANT_CONVERSION = YES;
				CLANG_WARN_DIRECT_OBJC_ISA_USAGE = YES_ERROR;
				CLANG_WARN_DOCUMENTATION_COMMENTS = YES;
				CLANG_WARN_EMPTY_BODY = YES;
				CLANG_WARN_ENUM_CONVERSION = YES;
				CLANG_WARN_INFINITE_RECURSION = YES;
				CLANG_WARN_INT_CONVERSION = YES;
				CLANG_WARN_OBJC_ROOT_CLASS = YES_ERROR;
				CLANG_WARN_SUSPICIOUS_MOVES = YES;
				CLANG_WARN_UNREACHABLE_CODE = YES;
				CLANG_WARN__DUPLICATE_METHOD_MATCH = YES;
				CODE_SIGN_IDENTITY = "-";
				COPY_PHASE_STRIP = NO;
				DEBUG_INFORMATION_FORMAT = "dwarf-with-dsym";
				ENABLE_NS_ASSERTIONS = NO;
				ENABLE_STRICT_OBJC_MSGSEND = YES;
				GCC_C_LANGUAGE_STANDARD = gnu99;
				GCC_NO_COMMON_BLOCKS = YES;
				GCC_WARN_64_TO_32_BIT_CONVERSION = YES;
				GCC_WARN_ABOUT_RETURN_TYPE = YES_ERROR;
				GCC_WARN_UNDECLARED_SELECTOR = YES;
				GCC_WARN_UNINITIALIZED_AUTOS = YES_AGGRESSIVE;
				GCC_WARN_UNUSED_FUNCTION = YES;
				GCC_WARN_UNUSED_VARIABLE = YES;
				MACOSX_DEPLOYMENT_TARGET = 10.11;
				MTL_ENABLE_DEBUG_INFO = NO;
				SDKROOT = macosx;
			};
			name = Release;
		};
		D69099351DAC4C6E003F4233 /* Debug */ = {
			isa = XCBuildConfiguration;
			buildSettings = {
				DEVELOPMENT_TEAM = QX26TGVMF2;
				PRODUCT_NAME = "$(TARGET_NAME)";
				SWIFT_VERSION = 3.0;
			};
			name = Debug;
		};
		D69099361DAC4C6E003F4233 /* Release */ = {
			isa = XCBuildConfiguration;
			buildSettings = {
				DEVELOPMENT_TEAM = QX26TGVMF2;
				PRODUCT_NAME = "$(TARGET_NAME)";
				SWIFT_VERSION = 3.0;
			};
			name = Release;
		};
/* End XCBuildConfiguration section */

/* Begin XCConfigurationList section */
		D69099281DAC4C6E003F4233 /* Build configuration list for PBXProject "debLibrary" */ = {
			isa = XCConfigurationList;
			buildConfigurations = (
				D69099321DAC4C6E003F4233 /* Debug */,
				D69099331DAC4C6E003F4233 /* Release */,
			);
			defaultConfigurationIsVisible = 0;
			defaultConfigurationName = Release;
		};
		D69099341DAC4C6E003F4233 /* Build configuration list for PBXNativeTarget "debLibrary" */ = {
			isa = XCConfigurationList;
			buildConfigurations = (
				D69099351DAC4C6E003F4233 /* Debug */,
				D69099361DAC4C6E003F4233 /* Release */,
			);
			defaultConfigurationIsVisible = 0;
			defaultConfigurationName = Release;
		};
/* End XCConfigurationList section */
	};
	rootObject = D69099251DAC4C6E003F4233 /* Project object */;
}
